
Microsoft Visual Studio Solution File, Format Version 12.00
# Visual Studio Version 17
VisualStudioVersion = 17.0.32126.317
MinimumVisualStudioVersion = 10.0.40219.1
Project("{FAE04EC0-301F-11D3-BF4B-00C04F79EFBC}") = "PSP03_Socket_UDP_Srv", "PSP03_Socket_UDP_Srv.csproj", "{CFB51E11-B4B7-464E-B55F-52A78E2C76E2}"
EndProject
Project("{FAE04EC0-301F-11D3-BF4B-00C04F79EFBC}") = "PSP03_Socket_UDP_Cliente", "..\PSP03_Socket_UDP_Cliente\PSP03_Socket_UDP_Cliente.csproj", "{A9D2A80B-905F-4064-9231-922AC502C9B6}"
EndProject
Global
	GlobalSection(SolutionConfigurationPlatforms) = preSolution
		Debug|Any CPU = Debug|Any CPU
		Release|Any CPU = Release|Any CPU
	EndGlobalSection
	GlobalSection(ProjectConfigurationPlatforms) = postSolution
		{CFB51E11-B4B7-464E-B55F-52A78E2C76E2}.Debug|Any CPU.ActiveCfg = Debug|Any CPU
		{CFB51E11-B4B7-464E-B55F-52A78E2C76E2}.Debug|Any CPU.Build.0 = Debug|Any CPU
		{CFB51E11-B4B7-464E-B55F-52A78E2C76E2}.Release|Any CPU.ActiveCfg = Release|Any CPU
		{CFB51E11-B4B7-464E-B55F-52A78E2C76E2}.Release|Any CPU.Build.0 = Release|Any CPU
		{A9D2A80B-905F-4064-9231-922AC502C9B6}.Debug|Any CPU.ActiveCfg = Debug|Any CPU
		{A9D2A80B-905F-4064-9231-922AC502C9B6}.Debug|Any CPU.Build.0 = Debug|Any CPU
		{A9D2A80B-905F-4064-9231-922AC502C9B6}.Release|Any CPU.ActiveCfg = Release|Any CPU
		{A9D2A80B-905F-4064-9231-922AC502C9B6}.Release|Any CPU.Build.0 = Release|Any CPU
	EndGlobalSection
	GlobalSection(SolutionProperties) = preSolution
		HideSolutionNode = FALSE
	EndGlobalSection
	GlobalSection(ExtensibilityGlobals) = postSolution
		SolutionGuid = {A0AE24DD-C7F5-4E5E-A755-D5893437B024}
	EndGlobalSection
EndGlobal
