
Microsoft Visual Studio Solution File, Format Version 12.00
# Visual Studio Version 17
VisualStudioVersion = 17.0.32112.339
MinimumVisualStudioVersion = 10.0.40219.1
Project("{FAE04EC0-301F-11D3-BF4B-00C04F79EFBC}") = "8febPruebaServer", "8febPruebaServer.csproj", "{0344D45F-0623-4ABD-A7E4-09066F7595FA}"
EndProject
Global
	GlobalSection(SolutionConfigurationPlatforms) = preSolution
		Debug|Any CPU = Debug|Any CPU
		Release|Any CPU = Release|Any CPU
	EndGlobalSection
	GlobalSection(ProjectConfigurationPlatforms) = postSolution
		{0344D45F-0623-4ABD-A7E4-09066F7595FA}.Debug|Any CPU.ActiveCfg = Debug|Any CPU
		{0344D45F-0623-4ABD-A7E4-09066F7595FA}.Debug|Any CPU.Build.0 = Debug|Any CPU
		{0344D45F-0623-4ABD-A7E4-09066F7595FA}.Release|Any CPU.ActiveCfg = Release|Any CPU
		{0344D45F-0623-4ABD-A7E4-09066F7595FA}.Release|Any CPU.Build.0 = Release|Any CPU
	EndGlobalSection
	GlobalSection(SolutionProperties) = preSolution
		HideSolutionNode = FALSE
	EndGlobalSection
	GlobalSection(ExtensibilityGlobals) = postSolution
		SolutionGuid = {4D20DD7E-1861-4BB4-9B4C-09F322E2CD50}
	EndGlobalSection
EndGlobal
