
Microsoft Visual Studio Solution File, Format Version 12.00
# Visual Studio Version 17
VisualStudioVersion = 17.1.32319.34
MinimumVisualStudioVersion = 10.0.40219.1
Project("{FAE04EC0-301F-11D3-BF4B-00C04F79EFBC}") = "servidor", "servidor\servidor.csproj", "{9CC03BF2-C0B5-416F-87A5-BEB77CAD8D3F}"
EndProject
Project("{FAE04EC0-301F-11D3-BF4B-00C04F79EFBC}") = "cliente", "cliente\cliente.csproj", "{B92DE52A-5823-4D49-A1DA-BD85FE8D7317}"
EndProject
Global
	GlobalSection(SolutionConfigurationPlatforms) = preSolution
		Debug|Any CPU = Debug|Any CPU
		Release|Any CPU = Release|Any CPU
	EndGlobalSection
	GlobalSection(ProjectConfigurationPlatforms) = postSolution
		{9CC03BF2-C0B5-416F-87A5-BEB77CAD8D3F}.Debug|Any CPU.ActiveCfg = Debug|Any CPU
		{9CC03BF2-C0B5-416F-87A5-BEB77CAD8D3F}.Debug|Any CPU.Build.0 = Debug|Any CPU
		{9CC03BF2-C0B5-416F-87A5-BEB77CAD8D3F}.Release|Any CPU.ActiveCfg = Release|Any CPU
		{9CC03BF2-C0B5-416F-87A5-BEB77CAD8D3F}.Release|Any CPU.Build.0 = Release|Any CPU
		{B92DE52A-5823-4D49-A1DA-BD85FE8D7317}.Debug|Any CPU.ActiveCfg = Debug|Any CPU
		{B92DE52A-5823-4D49-A1DA-BD85FE8D7317}.Debug|Any CPU.Build.0 = Debug|Any CPU
		{B92DE52A-5823-4D49-A1DA-BD85FE8D7317}.Release|Any CPU.ActiveCfg = Release|Any CPU
		{B92DE52A-5823-4D49-A1DA-BD85FE8D7317}.Release|Any CPU.Build.0 = Release|Any CPU
	EndGlobalSection
	GlobalSection(SolutionProperties) = preSolution
		HideSolutionNode = FALSE
	EndGlobalSection
	GlobalSection(ExtensibilityGlobals) = postSolution
		SolutionGuid = {AEE408B5-9A4B-4CA6-94C2-F0BAD937F524}
	EndGlobalSection
EndGlobal
